{
  "nodes": {
    "linux": {
      "flake": false,
      "locked": {
        "lastModified": 1716333586,
        "narHash": "sha256-edBNuRrY8uszhWqZ+1WFWLxDqKHyOPSlsGo3aoUox9w=",
        "owner": "rwf93",
        "repo": "linux",
        "rev": "9bbbff4f7817e74f1e434b7bb2cd3801e1f9ff09",
        "type": "github"
      },
      "original": {
        "owner": "rwf93",
        "ref": "xenon-6.5",
        "repo": "linux",
        "type": "github"
      }
    },
    "nixpkgs": {
      "locked": {
        "lastModified": 1722074168,
        "narHash": "sha256-AvosTuevGAcBP51PAYpIQnHWfX04+OAu8i5ouaPD61A=",
        "owner": "cleverca22",
        "repo": "nixpkgs",
        "rev": "bad7c635c2d5e356f1a254ea31f48cfbf01b53ca",
        "type": "github"
      },
      "original": {
        "owner": "cleverca22",
        "ref": "ugly-test",
        "repo": "nixpkgs",
        "type": "github"
      }
    },
    "root": {
      "inputs": {
        "linux": "linux",
        "nixpkgs": "nixpkgs"
      }
    }
  },
  "root": "root",
  "version": 7
}
