{
  "nodes": {
    "linux": {
      "flake": false,
      "locked": {
        "lastModified": 1716333586,
        "narHash": "sha256-edBNuRrY8uszhWqZ+1WFWLxDqKHyOPSlsGo3aoUox9w=",
        "owner": "rwf93",
        "repo": "linux",
        "rev": "9bbbff4f7817e74f1e434b7bb2cd3801e1f9ff09",
        "type": "github"
      },
      "original": {
        "owner": "rwf93",
        "ref": "xenon-6.5",
        "repo": "linux",
        "type": "github"
      }
    },
    "nixpkgs": {
      "locked": {
        "lastModified": 1722820544,
        "narHash": "sha256-gY7VS+RX8XZf72vKCzE7BsSqB/Kwv3HMu63zZ4p4OcE=",
        "owner": "cleverca22",
        "repo": "nixpkgs",
        "rev": "0f0e39b3f992e33ed0bd7aecd37bf5d0702e7ceb",
        "type": "github"
      },
      "original": {
        "owner": "cleverca22",
        "ref": "ugly-test",
        "repo": "nixpkgs",
        "type": "github"
      }
    },
    "root": {
      "inputs": {
        "linux": "linux",
        "nixpkgs": "nixpkgs"
      }
    }
  },
  "root": "root",
  "version": 7
}
